
Microsoft Visual Studio Solution File, Format Version 12.00
# Visual Studio 15
VisualStudioVersion = 15.0.27130.2027
MinimumVisualStudioVersion = 10.0.40219.1
Project("{FAE04EC0-301F-11D3-BF4B-00C04F79EFBC}") = "Collections", "Collections\Collections.csproj", "{07FE61E5-9A16-465E-A513-69401FF83858}"
EndProject
Global
	GlobalSection(SolutionConfigurationPlatforms) = preSolution
		Debug|Any CPU = Debug|Any CPU
		Release|Any CPU = Release|Any CPU
	EndGlobalSection
	GlobalSection(ProjectConfigurationPlatforms) = postSolution
		{07FE61E5-9A16-465E-A513-69401FF83858}.Debug|Any CPU.ActiveCfg = Debug|Any CPU
		{07FE61E5-9A16-465E-A513-69401FF83858}.Debug|Any CPU.Build.0 = Debug|Any CPU
		{07FE61E5-9A16-465E-A513-69401FF83858}.Release|Any CPU.ActiveCfg = Release|Any CPU
		{07FE61E5-9A16-465E-A513-69401FF83858}.Release|Any CPU.Build.0 = Release|Any CPU
	EndGlobalSection
	GlobalSection(SolutionProperties) = preSolution
		HideSolutionNode = FALSE
	EndGlobalSection
	GlobalSection(ExtensibilityGlobals) = postSolution
		SolutionGuid = {A44911CB-23DE-4C95-AA39-8EC9658BA958}
	EndGlobalSection
EndGlobal
